{
  "name": "usar_modulo",
  "version": "1.0.0",
  "lockfileVersion": 2,
  "requires": true,
  "packages": {
    "": {
      "name": "usar_modulo",
      "version": "1.0.0",
      "license": "ISC",
      "dependencies": {
        "tech_gu_pmn_": "^1.0.1"
      }
    },
    "node_modules/tech_gu_pmn_": {
      "version": "1.0.1",
      "resolved": "https://registry.npmjs.org/tech_gu_pmn_/-/tech_gu_pmn_-1.0.1.tgz",
      "integrity": "sha512-948kh+iscEpjfRMOXWQYMrlw/wk80wNmwofHxwwd2uKcaGNkNCEtI/R6nJlkDK4VjyWqpNyv06MhYTO9T7ZHoA=="
    }
  },
  "dependencies": {
    "tech_gu_pmn_": {
      "version": "1.0.1",
      "resolved": "https://registry.npmjs.org/tech_gu_pmn_/-/tech_gu_pmn_-1.0.1.tgz",
      "integrity": "sha512-948kh+iscEpjfRMOXWQYMrlw/wk80wNmwofHxwwd2uKcaGNkNCEtI/R6nJlkDK4VjyWqpNyv06MhYTO9T7ZHoA=="
    }
  }
}
